{"is_source_file": false, "format": "", "description": "", "external_files": [], "external_methods": [], "published": [], "classes": [], "methods": [], "calls": [], "search-terms": [], "state": 2, "file_id": 9, "knowledge_revision": 28, "git_revision": "17f78ff953bb0623dbe824f879a4ce9f20d0bdec", "hash": "9c4ed7ef73e22b872b8055bec08b8979", "format-version": 4, "code-base-name": "default", "filename": "auto_part_hub/post_process_status.lock", "revision_history": [{"28": "17f78ff953bb0623dbe824f879a4ce9f20d0bdec"}]}